// !$*UTF8*$!
{
	archiveVersion = 1;
	classes = {
	};
	objectVersion = 56;
	objects = {

/* Begin PBXBuildFile section */
		2B7B57D32A6C05B000ABD487 /* AppDelegate.swift in Sources */ = {isa = PBXBuildFile; fileRef = 2B7B57D22A6C05B000ABD487 /* AppDelegate.swift */; };
		2B7B57D52A6C05B000ABD487 /* SceneDelegate.swift in Sources */ = {isa = PBXBuildFile; fileRef = 2B7B57D42A6C05B000ABD487 /* SceneDelegate.swift */; };
		2B7B57D72A6C05B000ABD487 /* ViewController.swift in Sources */ = {isa = PBXBuildFile; fileRef = 2B7B57D62A6C05B000ABD487 /* ViewController.swift */; };
		2B7B57DA2A6C05B000ABD487 /* Main.storyboard in Resources */ = {isa = PBXBuildFile; fileRef = 2B7B57D82A6C05B000ABD487 /* Main.storyboard */; };
		2B7B57DC2A6C05B700ABD487 /* Assets.xcassets in Resources */ = {isa = PBXBuildFile; fileRef = 2B7B57DB2A6C05B700ABD487 /* Assets.xcassets */; };
		2B7B57DF2A6C05B700ABD487 /* LaunchScreen.storyboard in Resources */ = {isa = PBXBuildFile; fileRef = 2B7B57DD2A6C05B700ABD487 /* LaunchScreen.storyboard */; };
		2B7B57EC2A6C08A700ABD487 /* DetailTableViewCell.swift in Sources */ = {isa = PBXBuildFile; fileRef = 2B7B57EA2A6C08A700ABD487 /* DetailTableViewCell.swift */; };
		2B7B57ED2A6C08A700ABD487 /* DetailTableViewCell.xib in Resources */ = {isa = PBXBuildFile; fileRef = 2B7B57EB2A6C08A700ABD487 /* DetailTableViewCell.xib */; };
		2B7B57EF2A6C0B7600ABD487 /* ViewModel.swift in Sources */ = {isa = PBXBuildFile; fileRef = 2B7B57EE2A6C0B7600ABD487 /* ViewModel.swift */; };
		2B7B57F12A6C0B9500ABD487 /* DetailViewModel.swift in Sources */ = {isa = PBXBuildFile; fileRef = 2B7B57F02A6C0B9500ABD487 /* DetailViewModel.swift */; };
/* End PBXBuildFile section */

/* Begin PBXFileReference section */
		2B7B57CF2A6C05B000ABD487 /* 下拉放大圖片.app */ = {isa = PBXFileReference; explicitFileType = wrapper.application; includeInIndex = 0; path = "下拉放大圖片.app"; sourceTree = BUILT_PRODUCTS_DIR; };
		2B7B57D22A6C05B000ABD487 /* AppDelegate.swift */ = {isa = PBXFileReference; lastKnownFileType = sourcecode.swift; path = AppDelegate.swift; sourceTree = "<group>"; };
		2B7B57D42A6C05B000ABD487 /* SceneDelegate.swift */ = {isa = PBXFileReference; lastKnownFileType = sourcecode.swift; path = SceneDelegate.swift; sourceTree = "<group>"; };
		2B7B57D62A6C05B000ABD487 /* ViewController.swift */ = {isa = PBXFileReference; lastKnownFileType = sourcecode.swift; path = ViewController.swift; sourceTree = "<group>"; };
		2B7B57D92A6C05B000ABD487 /* Base */ = {isa = PBXFileReference; lastKnownFileType = file.storyboard; name = Base; path = Base.lproj/Main.storyboard; sourceTree = "<group>"; };
		2B7B57DB2A6C05B700ABD487 /* Assets.xcassets */ = {isa = PBXFileReference; lastKnownFileType = folder.assetcatalog; path = Assets.xcassets; sourceTree = "<group>"; };
		2B7B57DE2A6C05B700ABD487 /* Base */ = {isa = PBXFileReference; lastKnownFileType = file.storyboard; name = Base; path = Base.lproj/LaunchScreen.storyboard; sourceTree = "<group>"; };
		2B7B57E02A6C05B700ABD487 /* Info.plist */ = {isa = PBXFileReference; lastKnownFileType = text.plist.xml; path = Info.plist; sourceTree = "<group>"; };
		2B7B57EA2A6C08A700ABD487 /* DetailTableViewCell.swift */ = {isa = PBXFileReference; lastKnownFileType = sourcecode.swift; path = DetailTableViewCell.swift; sourceTree = "<group>"; };
		2B7B57EB2A6C08A700ABD487 /* DetailTableViewCell.xib */ = {isa = PBXFileReference; lastKnownFileType = file.xib; path = DetailTableViewCell.xib; sourceTree = "<group>"; };
		2B7B57EE2A6C0B7600ABD487 /* ViewModel.swift */ = {isa = PBXFileReference; lastKnownFileType = sourcecode.swift; path = ViewModel.swift; sourceTree = "<group>"; };
		2B7B57F02A6C0B9500ABD487 /* DetailViewModel.swift */ = {isa = PBXFileReference; lastKnownFileType = sourcecode.swift; path = DetailViewModel.swift; sourceTree = "<group>"; };
/* End PBXFileReference section */

/* Begin PBXFrameworksBuildPhase section */
		2B7B57CC2A6C05B000ABD487 /* Frameworks */ = {
			isa = PBXFrameworksBuildPhase;
			buildActionMask = 2147483647;
			files = (
			);
			runOnlyForDeploymentPostprocessing = 0;
		};
/* End PBXFrameworksBuildPhase section */

/* Begin PBXGroup section */
		2B0C0FD62A6CE3C8002F383A /* TableViewCell */ = {
			isa = PBXGroup;
			children = (
				2B7B57F02A6C0B9500ABD487 /* DetailViewModel.swift */,
				2B7B57EA2A6C08A700ABD487 /* DetailTableViewCell.swift */,
				2B7B57EB2A6C08A700ABD487 /* DetailTableViewCell.xib */,
			);
			path = TableViewCell;
			sourceTree = "<group>";
		};
		2B7B57C62A6C05B000ABD487 = {
			isa = PBXGroup;
			children = (
				2B7B57D12A6C05B000ABD487 /* 下拉放大圖片 */,
				2B7B57D02A6C05B000ABD487 /* Products */,
			);
			sourceTree = "<group>";
		};
		2B7B57D02A6C05B000ABD487 /* Products */ = {
			isa = PBXGroup;
			children = (
				2B7B57CF2A6C05B000ABD487 /* 下拉放大圖片.app */,
			);
			name = Products;
			sourceTree = "<group>";
		};
		2B7B57D12A6C05B000ABD487 /* 下拉放大圖片 */ = {
			isa = PBXGroup;
			children = (
				2B7B57D22A6C05B000ABD487 /* AppDelegate.swift */,
				2B7B57D42A6C05B000ABD487 /* SceneDelegate.swift */,
				2B7B57EE2A6C0B7600ABD487 /* ViewModel.swift */,
				2B7B57D62A6C05B000ABD487 /* ViewController.swift */,
				2B7B57D82A6C05B000ABD487 /* Main.storyboard */,
				2B0C0FD62A6CE3C8002F383A /* TableViewCell */,
				2B7B57DB2A6C05B700ABD487 /* Assets.xcassets */,
				2B7B57DD2A6C05B700ABD487 /* LaunchScreen.storyboard */,
				2B7B57E02A6C05B700ABD487 /* Info.plist */,
			);
			path = "下拉放大圖片";
			sourceTree = "<group>";
		};
/* End PBXGroup section */

/* Begin PBXNativeTarget section */
		2B7B57CE2A6C05B000ABD487 /* 下拉放大圖片 */ = {
			isa = PBXNativeTarget;
			buildConfigurationList = 2B7B57E32A6C05B700ABD487 /* Build configuration list for PBXNativeTarget "下拉放大圖片" */;
			buildPhases = (
				2B7B57CB2A6C05B000ABD487 /* Sources */,
				2B7B57CC2A6C05B000ABD487 /* Frameworks */,
				2B7B57CD2A6C05B000ABD487 /* Resources */,
			);
			buildRules = (
			);
			dependencies = (
			);
			name = "下拉放大圖片";
			productName = "下拉放大圖片";
			productReference = 2B7B57CF2A6C05B000ABD487 /* 下拉放大圖片.app */;
			productType = "com.apple.product-type.application";
		};
/* End PBXNativeTarget section */

/* Begin PBXProject section */
		2B7B57C72A6C05B000ABD487 /* Project object */ = {
			isa = PBXProject;
			attributes = {
				BuildIndependentTargetsInParallel = 1;
				LastSwiftUpdateCheck = 1420;
				LastUpgradeCheck = 1420;
				TargetAttributes = {
					2B7B57CE2A6C05B000ABD487 = {
						CreatedOnToolsVersion = 14.2;
					};
				};
			};
			buildConfigurationList = 2B7B57CA2A6C05B000ABD487 /* Build configuration list for PBXProject "下拉放大圖片" */;
			compatibilityVersion = "Xcode 14.0";
			developmentRegion = en;
			hasScannedForEncodings = 0;
			knownRegions = (
				en,
				Base,
			);
			mainGroup = 2B7B57C62A6C05B000ABD487;
			productRefGroup = 2B7B57D02A6C05B000ABD487 /* Products */;
			projectDirPath = "";
			projectRoot = "";
			targets = (
				2B7B57CE2A6C05B000ABD487 /* 下拉放大圖片 */,
			);
		};
/* End PBXProject section */

/* Begin PBXResourcesBuildPhase section */
		2B7B57CD2A6C05B000ABD487 /* Resources */ = {
			isa = PBXResourcesBuildPhase;
			buildActionMask = 2147483647;
			files = (
				2B7B57DF2A6C05B700ABD487 /* LaunchScreen.storyboard in Resources */,
				2B7B57ED2A6C08A700ABD487 /* DetailTableViewCell.xib in Resources */,
				2B7B57DC2A6C05B700ABD487 /* Assets.xcassets in Resources */,
				2B7B57DA2A6C05B000ABD487 /* Main.storyboard in Resources */,
			);
			runOnlyForDeploymentPostprocessing = 0;
		};
/* End PBXResourcesBuildPhase section */

/* Begin PBXSourcesBuildPhase section */
		2B7B57CB2A6C05B000ABD487 /* Sources */ = {
			isa = PBXSourcesBuildPhase;
			buildActionMask = 2147483647;
			files = (
				2B7B57EF2A6C0B7600ABD487 /* ViewModel.swift in Sources */,
				2B7B57F12A6C0B9500ABD487 /* DetailViewModel.swift in Sources */,
				2B7B57D72A6C05B000ABD487 /* ViewController.swift in Sources */,
				2B7B57D32A6C05B000ABD487 /* AppDelegate.swift in Sources */,
				2B7B57EC2A6C08A700ABD487 /* DetailTableViewCell.swift in Sources */,
				2B7B57D52A6C05B000ABD487 /* SceneDelegate.swift in Sources */,
			);
			runOnlyForDeploymentPostprocessing = 0;
		};
/* End PBXSourcesBuildPhase section */

/* Begin PBXVariantGroup section */
		2B7B57D82A6C05B000ABD487 /* Main.storyboard */ = {
			isa = PBXVariantGroup;
			children = (
				2B7B57D92A6C05B000ABD487 /* Base */,
			);
			name = Main.storyboard;
			sourceTree = "<group>";
		};
		2B7B57DD2A6C05B700ABD487 /* LaunchScreen.storyboard */ = {
			isa = PBXVariantGroup;
			children = (
				2B7B57DE2A6C05B700ABD487 /* Base */,
			);
			name = LaunchScreen.storyboard;
			sourceTree = "<group>";
		};
/* End PBXVariantGroup section */

/* Begin XCBuildConfiguration section */
		2B7B57E12A6C05B700ABD487 /* Debug */ = {
			isa = XCBuildConfiguration;
			buildSettings = {
				ALWAYS_SEARCH_USER_PATHS = NO;
				CLANG_ANALYZER_NONNULL = YES;
				CLANG_ANALYZER_NUMBER_OBJECT_CONVERSION = YES_AGGRESSIVE;
				CLANG_CXX_LANGUAGE_STANDARD = "gnu++20";
				CLANG_ENABLE_MODULES = YES;
				CLANG_ENABLE_OBJC_ARC = YES;
				CLANG_ENABLE_OBJC_WEAK = YES;
				CLANG_WARN_BLOCK_CAPTURE_AUTORELEASING = YES;
				CLANG_WARN_BOOL_CONVERSION = YES;
				CLANG_WARN_COMMA = YES;
				CLANG_WARN_CONSTANT_CONVERSION = YES;
				CLANG_WARN_DEPRECATED_OBJC_IMPLEMENTATIONS = YES;
				CLANG_WARN_DIRECT_OBJC_ISA_USAGE = YES_ERROR;
				CLANG_WARN_DOCUMENTATION_COMMENTS = YES;
				CLANG_WARN_EMPTY_BODY = YES;
				CLANG_WARN_ENUM_CONVERSION = YES;
				CLANG_WARN_INFINITE_RECURSION = YES;
				CLANG_WARN_INT_CONVERSION = YES;
				CLANG_WARN_NON_LITERAL_NULL_CONVERSION = YES;
				CLANG_WARN_OBJC_IMPLICIT_RETAIN_SELF = YES;
				CLANG_WARN_OBJC_LITERAL_CONVERSION = YES;
				CLANG_WARN_OBJC_ROOT_CLASS = YES_ERROR;
				CLANG_WARN_QUOTED_INCLUDE_IN_FRAMEWORK_HEADER = YES;
				CLANG_WARN_RANGE_LOOP_ANALYSIS = YES;
				CLANG_WARN_STRICT_PROTOTYPES = YES;
				CLANG_WARN_SUSPICIOUS_MOVE = YES;
				CLANG_WARN_UNGUARDED_AVAILABILITY = YES_AGGRESSIVE;
				CLANG_WARN_UNREACHABLE_CODE = YES;
				CLANG_WARN__DUPLICATE_METHOD_MATCH = YES;
				COPY_PHASE_STRIP = NO;
				DEBUG_INFORMATION_FORMAT = dwarf;
				ENABLE_STRICT_OBJC_MSGSEND = YES;
				ENABLE_TESTABILITY = YES;
				GCC_C_LANGUAGE_STANDARD = gnu11;
				GCC_DYNAMIC_NO_PIC = NO;
				GCC_NO_COMMON_BLOCKS = YES;
				GCC_OPTIMIZATION_LEVEL = 0;
				GCC_PREPROCESSOR_DEFINITIONS = (
					"DEBUG=1",
					"$(inherited)",
				);
				GCC_WARN_64_TO_32_BIT_CONVERSION = YES;
				GCC_WARN_ABOUT_RETURN_TYPE = YES_ERROR;
				GCC_WARN_UNDECLARED_SELECTOR = YES;
				GCC_WARN_UNINITIALIZED_AUTOS = YES_AGGRESSIVE;
				GCC_WARN_UNUSED_FUNCTION = YES;
				GCC_WARN_UNUSED_VARIABLE = YES;
				IPHONEOS_DEPLOYMENT_TARGET = 16.2;
				MTL_ENABLE_DEBUG_INFO = INCLUDE_SOURCE;
				MTL_FAST_MATH = YES;
				ONLY_ACTIVE_ARCH = YES;
				SDKROOT = iphoneos;
				SWIFT_ACTIVE_COMPILATION_CONDITIONS = DEBUG;
				SWIFT_OPTIMIZATION_LEVEL = "-Onone";
			};
			name = Debug;
		};
		2B7B57E22A6C05B700ABD487 /* Release */ = {
			isa = XCBuildConfiguration;
			buildSettings = {
				ALWAYS_SEARCH_USER_PATHS = NO;
				CLANG_ANALYZER_NONNULL = YES;
				CLANG_ANALYZER_NUMBER_OBJECT_CONVERSION = YES_AGGRESSIVE;
				CLANG_CXX_LANGUAGE_STANDARD = "gnu++20";
				CLANG_ENABLE_MODULES = YES;
				CLANG_ENABLE_OBJC_ARC = YES;
				CLANG_ENABLE_OBJC_WEAK = YES;
				CLANG_WARN_BLOCK_CAPTURE_AUTORELEASING = YES;
				CLANG_WARN_BOOL_CONVERSION = YES;
				CLANG_WARN_COMMA = YES;
				CLANG_WARN_CONSTANT_CONVERSION = YES;
				CLANG_WARN_DEPRECATED_OBJC_IMPLEMENTATIONS = YES;
				CLANG_WARN_DIRECT_OBJC_ISA_USAGE = YES_ERROR;
				CLANG_WARN_DOCUMENTATION_COMMENTS = YES;
				CLANG_WARN_EMPTY_BODY = YES;
				CLANG_WARN_ENUM_CONVERSION = YES;
				CLANG_WARN_INFINITE_RECURSION = YES;
				CLANG_WARN_INT_CONVERSION = YES;
				CLANG_WARN_NON_LITERAL_NULL_CONVERSION = YES;
				CLANG_WARN_OBJC_IMPLICIT_RETAIN_SELF = YES;
				CLANG_WARN_OBJC_LITERAL_CONVERSION = YES;
				CLANG_WARN_OBJC_ROOT_CLASS = YES_ERROR;
				CLANG_WARN_QUOTED_INCLUDE_IN_FRAMEWORK_HEADER = YES;
				CLANG_WARN_RANGE_LOOP_ANALYSIS = YES;
				CLANG_WARN_STRICT_PROTOTYPES = YES;
				CLANG_WARN_SUSPICIOUS_MOVE = YES;
				CLANG_WARN_UNGUARDED_AVAILABILITY = YES_AGGRESSIVE;
				CLANG_WARN_UNREACHABLE_CODE = YES;
				CLANG_WARN__DUPLICATE_METHOD_MATCH = YES;
				COPY_PHASE_STRIP = NO;
				DEBUG_INFORMATION_FORMAT = "dwarf-with-dsym";
				ENABLE_NS_ASSERTIONS = NO;
				ENABLE_STRICT_OBJC_MSGSEND = YES;
				GCC_C_LANGUAGE_STANDARD = gnu11;
				GCC_NO_COMMON_BLOCKS = YES;
				GCC_WARN_64_TO_32_BIT_CONVERSION = YES;
				GCC_WARN_ABOUT_RETURN_TYPE = YES_ERROR;
				GCC_WARN_UNDECLARED_SELECTOR = YES;
				GCC_WARN_UNINITIALIZED_AUTOS = YES_AGGRESSIVE;
				GCC_WARN_UNUSED_FUNCTION = YES;
				GCC_WARN_UNUSED_VARIABLE = YES;
				IPHONEOS_DEPLOYMENT_TARGET = 16.2;
				MTL_ENABLE_DEBUG_INFO = NO;
				MTL_FAST_MATH = YES;
				SDKROOT = iphoneos;
				SWIFT_COMPILATION_MODE = wholemodule;
				SWIFT_OPTIMIZATION_LEVEL = "-O";
				VALIDATE_PRODUCT = YES;
			};
			name = Release;
		};
		2B7B57E42A6C05B700ABD487 /* Debug */ = {
			isa = XCBuildConfiguration;
			buildSettings = {
				ASSETCATALOG_COMPILER_APPICON_NAME = AppIcon;
				ASSETCATALOG_COMPILER_GLOBAL_ACCENT_COLOR_NAME = AccentColor;
				CODE_SIGN_STYLE = Automatic;
				CURRENT_PROJECT_VERSION = 1;
				DEVELOPMENT_TEAM = LVVC852PWL;
				GENERATE_INFOPLIST_FILE = YES;
				INFOPLIST_FILE = "下拉放大圖片/Info.plist";
				INFOPLIST_KEY_UIApplicationSupportsIndirectInputEvents = YES;
				INFOPLIST_KEY_UILaunchStoryboardName = LaunchScreen;
				INFOPLIST_KEY_UIMainStoryboardFile = Main;
				INFOPLIST_KEY_UISupportedInterfaceOrientations_iPad = "UIInterfaceOrientationPortrait UIInterfaceOrientationPortraitUpsideDown UIInterfaceOrientationLandscapeLeft UIInterfaceOrientationLandscapeRight";
				INFOPLIST_KEY_UISupportedInterfaceOrientations_iPhone = "UIInterfaceOrientationPortrait UIInterfaceOrientationLandscapeLeft UIInterfaceOrientationLandscapeRight";
				LD_RUNPATH_SEARCH_PATHS = (
					"$(inherited)",
					"@executable_path/Frameworks",
				);
				MARKETING_VERSION = 1.0;
				PRODUCT_BUNDLE_IDENTIFIER = "com.jru-studio.------";
				PRODUCT_NAME = "$(TARGET_NAME)";
				SWIFT_EMIT_LOC_STRINGS = YES;
				SWIFT_VERSION = 5.0;
				TARGETED_DEVICE_FAMILY = "1,2";
			};
			name = Debug;
		};
		2B7B57E52A6C05B700ABD487 /* Release */ = {
			isa = XCBuildConfiguration;
			buildSettings = {
				ASSETCATALOG_COMPILER_APPICON_NAME = AppIcon;
				ASSETCATALOG_COMPILER_GLOBAL_ACCENT_COLOR_NAME = AccentColor;
				CODE_SIGN_STYLE = Automatic;
				CURRENT_PROJECT_VERSION = 1;
				DEVELOPMENT_TEAM = LVVC852PWL;
				GENERATE_INFOPLIST_FILE = YES;
				INFOPLIST_FILE = "下拉放大圖片/Info.plist";
				INFOPLIST_KEY_UIApplicationSupportsIndirectInputEvents = YES;
				INFOPLIST_KEY_UILaunchStoryboardName = LaunchScreen;
				INFOPLIST_KEY_UIMainStoryboardFile = Main;
				INFOPLIST_KEY_UISupportedInterfaceOrientations_iPad = "UIInterfaceOrientationPortrait UIInterfaceOrientationPortraitUpsideDown UIInterfaceOrientationLandscapeLeft UIInterfaceOrientationLandscapeRight";
				INFOPLIST_KEY_UISupportedInterfaceOrientations_iPhone = "UIInterfaceOrientationPortrait UIInterfaceOrientationLandscapeLeft UIInterfaceOrientationLandscapeRight";
				LD_RUNPATH_SEARCH_PATHS = (
					"$(inherited)",
					"@executable_path/Frameworks",
				);
				MARKETING_VERSION = 1.0;
				PRODUCT_BUNDLE_IDENTIFIER = "com.jru-studio.------";
				PRODUCT_NAME = "$(TARGET_NAME)";
				SWIFT_EMIT_LOC_STRINGS = YES;
				SWIFT_VERSION = 5.0;
				TARGETED_DEVICE_FAMILY = "1,2";
			};
			name = Release;
		};
/* End XCBuildConfiguration section */

/* Begin XCConfigurationList section */
		2B7B57CA2A6C05B000ABD487 /* Build configuration list for PBXProject "下拉放大圖片" */ = {
			isa = XCConfigurationList;
			buildConfigurations = (
				2B7B57E12A6C05B700ABD487 /* Debug */,
				2B7B57E22A6C05B700ABD487 /* Release */,
			);
			defaultConfigurationIsVisible = 0;
			defaultConfigurationName = Release;
		};
		2B7B57E32A6C05B700ABD487 /* Build configuration list for PBXNativeTarget "下拉放大圖片" */ = {
			isa = XCConfigurationList;
			buildConfigurations = (
				2B7B57E42A6C05B700ABD487 /* Debug */,
				2B7B57E52A6C05B700ABD487 /* Release */,
			);
			defaultConfigurationIsVisible = 0;
			defaultConfigurationName = Release;
		};
/* End XCConfigurationList section */
	};
	rootObject = 2B7B57C72A6C05B000ABD487 /* Project object */;
}
